
Microsoft Visual Studio Solution File, Format Version 12.00
# Visual Studio Version 17
VisualStudioVersion = 17.0.31903.59
MinimumVisualStudioVersion = 10.0.40219.1
Project("{FAE04EC0-301F-11D3-BF4B-00C04F79EFBC}") = "console-app", "console-app\console-app.csproj", "{A54550C9-C025-4081-B413-C46ADD6592DB}"
EndProject
Project("{FAE04EC0-301F-11D3-BF4B-00C04F79EFBC}") = "class-lib", "class-lib\class-lib.csproj", "{190F052F-8246-4A14-AE96-EEBB5F4A727F}"
EndProject
Global
	GlobalSection(SolutionConfigurationPlatforms) = preSolution
		Debug|Any CPU = Debug|Any CPU
		Release|Any CPU = Release|Any CPU
	EndGlobalSection
	GlobalSection(SolutionProperties) = preSolution
		HideSolutionNode = FALSE
	EndGlobalSection
	GlobalSection(ProjectConfigurationPlatforms) = postSolution
		{A54550C9-C025-4081-B413-C46ADD6592DB}.Debug|Any CPU.ActiveCfg = Debug|Any CPU
		{A54550C9-C025-4081-B413-C46ADD6592DB}.Debug|Any CPU.Build.0 = Debug|Any CPU
		{A54550C9-C025-4081-B413-C46ADD6592DB}.Release|Any CPU.ActiveCfg = Release|Any CPU
		{A54550C9-C025-4081-B413-C46ADD6592DB}.Release|Any CPU.Build.0 = Release|Any CPU
		{190F052F-8246-4A14-AE96-EEBB5F4A727F}.Debug|Any CPU.ActiveCfg = Debug|Any CPU
		{190F052F-8246-4A14-AE96-EEBB5F4A727F}.Debug|Any CPU.Build.0 = Debug|Any CPU
		{190F052F-8246-4A14-AE96-EEBB5F4A727F}.Release|Any CPU.ActiveCfg = Release|Any CPU
		{190F052F-8246-4A14-AE96-EEBB5F4A727F}.Release|Any CPU.Build.0 = Release|Any CPU
	EndGlobalSection
EndGlobal
